
Microsoft Visual Studio Solution File, Format Version 12.00
# Visual Studio 15
VisualStudioVersion = 15.0.28010.2003
MinimumVisualStudioVersion = 10.0.40219.1
Project("{FAE04EC0-301F-11D3-BF4B-00C04F79EFBC}") = "SlapJack", "SlapJack\SlapJack.csproj", "{5329E114-3C37-492A-ADC3-F13D1DE7CA1B}"
EndProject
Global
	GlobalSection(SolutionConfigurationPlatforms) = preSolution
		Debug|Any CPU = Debug|Any CPU
		Release|Any CPU = Release|Any CPU
	EndGlobalSection
	GlobalSection(ProjectConfigurationPlatforms) = postSolution
		{5329E114-3C37-492A-ADC3-F13D1DE7CA1B}.Debug|Any CPU.ActiveCfg = Debug|Any CPU
		{5329E114-3C37-492A-ADC3-F13D1DE7CA1B}.Debug|Any CPU.Build.0 = Debug|Any CPU
		{5329E114-3C37-492A-ADC3-F13D1DE7CA1B}.Release|Any CPU.ActiveCfg = Release|Any CPU
		{5329E114-3C37-492A-ADC3-F13D1DE7CA1B}.Release|Any CPU.Build.0 = Release|Any CPU
	EndGlobalSection
	GlobalSection(SolutionProperties) = preSolution
		HideSolutionNode = FALSE
	EndGlobalSection
	GlobalSection(ExtensibilityGlobals) = postSolution
		SolutionGuid = {310EBA25-DFD2-43FD-8A31-EF88FA0F460A}
	EndGlobalSection
EndGlobal
